
Microsoft Visual Studio Solution File, Format Version 12.00
# Visual Studio Version 16
VisualStudioVersion = 16.0.29920.165
MinimumVisualStudioVersion = 10.0.40219.1
Project("{FAE04EC0-301F-11D3-BF4B-00C04F79EFBC}") = "LINQ2XML", "LINQ2XML.csproj", "{AEB22553-60E1-42EE-AF57-B1C1960618BC}"
EndProject
Global
	GlobalSection(SolutionConfigurationPlatforms) = preSolution
		Debug|Any CPU = Debug|Any CPU
		Release|Any CPU = Release|Any CPU
	EndGlobalSection
	GlobalSection(ProjectConfigurationPlatforms) = postSolution
		{AEB22553-60E1-42EE-AF57-B1C1960618BC}.Debug|Any CPU.ActiveCfg = Debug|Any CPU
		{AEB22553-60E1-42EE-AF57-B1C1960618BC}.Debug|Any CPU.Build.0 = Debug|Any CPU
		{AEB22553-60E1-42EE-AF57-B1C1960618BC}.Release|Any CPU.ActiveCfg = Release|Any CPU
		{AEB22553-60E1-42EE-AF57-B1C1960618BC}.Release|Any CPU.Build.0 = Release|Any CPU
	EndGlobalSection
	GlobalSection(SolutionProperties) = preSolution
		HideSolutionNode = FALSE
	EndGlobalSection
	GlobalSection(ExtensibilityGlobals) = postSolution
		SolutionGuid = {671117B3-3981-4120-ADA8-640E8346F33B}
	EndGlobalSection
EndGlobal
